
Microsoft Visual Studio Solution File, Format Version 12.00
# Visual Studio 15
VisualStudioVersion = 15.0.26228.4
MinimumVisualStudioVersion = 10.0.40219.1
Project("{FAE04EC0-301F-11D3-BF4B-00C04F79EFBC}") = "PlayFactory", "src\PlayFactory\PlayFactory.csproj", "{B0623AEA-3F6F-4CE4-B9D5-83FC249C85D8}"
EndProject
Project("{9A19103F-16F7-4668-BE54-9A1E7A4F7556}") = "PlayFactory.EFCore", "src\PlayFactory.EFCore\PlayFactory.EFCore.csproj", "{93260EA5-8CE0-45DD-B921-9D1031A85030}"
EndProject
Project("{FAE04EC0-301F-11D3-BF4B-00C04F79EFBC}") = "PlayFactory.AspNetCore", "src\PlayFactory.AspNetCore\PlayFactory.AspNetCore.csproj", "{0F0730FD-E05B-42DA-928B-4B603C5900FF}"
EndProject
Project("{2150E333-8FDC-42A3-9474-1A3956D46DE8}") = "Exemplos", "Exemplos", "{54D43C2E-3962-47C8-B0C6-3CA1B895D56D}"
EndProject
Project("{FAE04EC0-301F-11D3-BF4B-00C04F79EFBC}") = "Exemplos.WebApi", "src\Exemplos.WebApi\Exemplos.WebApi.csproj", "{C1C7BBA5-797A-4D61-9900-04966D460955}"
EndProject
Project("{FAE04EC0-301F-11D3-BF4B-00C04F79EFBC}") = "PlayFactory.Core", "src\PlayFactory.Core\PlayFactory.Core.csproj", "{AD72E2B2-6228-46E0-80AE-FB3E35AE55F3}"
EndProject
Global
	GlobalSection(SolutionConfigurationPlatforms) = preSolution
		Debug|Any CPU = Debug|Any CPU
		Release|Any CPU = Release|Any CPU
	EndGlobalSection
	GlobalSection(ProjectConfigurationPlatforms) = postSolution
		{B0623AEA-3F6F-4CE4-B9D5-83FC249C85D8}.Debug|Any CPU.ActiveCfg = Debug|Any CPU
		{B0623AEA-3F6F-4CE4-B9D5-83FC249C85D8}.Debug|Any CPU.Build.0 = Debug|Any CPU
		{B0623AEA-3F6F-4CE4-B9D5-83FC249C85D8}.Release|Any CPU.ActiveCfg = Release|Any CPU
		{B0623AEA-3F6F-4CE4-B9D5-83FC249C85D8}.Release|Any CPU.Build.0 = Release|Any CPU
		{93260EA5-8CE0-45DD-B921-9D1031A85030}.Debug|Any CPU.ActiveCfg = Debug|Any CPU
		{93260EA5-8CE0-45DD-B921-9D1031A85030}.Debug|Any CPU.Build.0 = Debug|Any CPU
		{93260EA5-8CE0-45DD-B921-9D1031A85030}.Release|Any CPU.ActiveCfg = Release|Any CPU
		{93260EA5-8CE0-45DD-B921-9D1031A85030}.Release|Any CPU.Build.0 = Release|Any CPU
		{0F0730FD-E05B-42DA-928B-4B603C5900FF}.Debug|Any CPU.ActiveCfg = Debug|Any CPU
		{0F0730FD-E05B-42DA-928B-4B603C5900FF}.Debug|Any CPU.Build.0 = Debug|Any CPU
		{0F0730FD-E05B-42DA-928B-4B603C5900FF}.Release|Any CPU.ActiveCfg = Release|Any CPU
		{0F0730FD-E05B-42DA-928B-4B603C5900FF}.Release|Any CPU.Build.0 = Release|Any CPU
		{C1C7BBA5-797A-4D61-9900-04966D460955}.Debug|Any CPU.ActiveCfg = Debug|Any CPU
		{C1C7BBA5-797A-4D61-9900-04966D460955}.Debug|Any CPU.Build.0 = Debug|Any CPU
		{C1C7BBA5-797A-4D61-9900-04966D460955}.Release|Any CPU.ActiveCfg = Release|Any CPU
		{C1C7BBA5-797A-4D61-9900-04966D460955}.Release|Any CPU.Build.0 = Release|Any CPU
		{AD72E2B2-6228-46E0-80AE-FB3E35AE55F3}.Debug|Any CPU.ActiveCfg = Debug|Any CPU
		{AD72E2B2-6228-46E0-80AE-FB3E35AE55F3}.Debug|Any CPU.Build.0 = Debug|Any CPU
		{AD72E2B2-6228-46E0-80AE-FB3E35AE55F3}.Release|Any CPU.ActiveCfg = Release|Any CPU
		{AD72E2B2-6228-46E0-80AE-FB3E35AE55F3}.Release|Any CPU.Build.0 = Release|Any CPU
	EndGlobalSection
	GlobalSection(SolutionProperties) = preSolution
		HideSolutionNode = FALSE
	EndGlobalSection
	GlobalSection(NestedProjects) = preSolution
		{C1C7BBA5-797A-4D61-9900-04966D460955} = {54D43C2E-3962-47C8-B0C6-3CA1B895D56D}
	EndGlobalSection
EndGlobal
